
Microsoft Visual Studio Solution File, Format Version 12.00
# Visual Studio 15
VisualStudioVersion = 15.0.28307.572
MinimumVisualStudioVersion = 10.0.40219.1
Project("{FAE04EC0-301F-11D3-BF4B-00C04F79EFBC}") = "Snuffo.Web.Tests", "Snuffo.Web.Tests\Snuffo.Web.Tests.csproj", "{6DA236EB-7750-403E-8709-C1A1DCD8A79D}"
EndProject
Project("{FAE04EC0-301F-11D3-BF4B-00C04F79EFBC}") = "Snuffo.Web", "Snuffo.Web\Snuffo.Web.csproj", "{03F05A13-D1D0-442A-B730-501DCE3C6D10}"
EndProject
Global
	GlobalSection(SolutionConfigurationPlatforms) = preSolution
		Debug|Any CPU = Debug|Any CPU
		Release|Any CPU = Release|Any CPU
	EndGlobalSection
	GlobalSection(ProjectConfigurationPlatforms) = postSolution
		{6DA236EB-7750-403E-8709-C1A1DCD8A79D}.Debug|Any CPU.ActiveCfg = Debug|Any CPU
		{6DA236EB-7750-403E-8709-C1A1DCD8A79D}.Debug|Any CPU.Build.0 = Debug|Any CPU
		{6DA236EB-7750-403E-8709-C1A1DCD8A79D}.Release|Any CPU.ActiveCfg = Release|Any CPU
		{6DA236EB-7750-403E-8709-C1A1DCD8A79D}.Release|Any CPU.Build.0 = Release|Any CPU
		{03F05A13-D1D0-442A-B730-501DCE3C6D10}.Debug|Any CPU.ActiveCfg = Debug|Any CPU
		{03F05A13-D1D0-442A-B730-501DCE3C6D10}.Debug|Any CPU.Build.0 = Debug|Any CPU
		{03F05A13-D1D0-442A-B730-501DCE3C6D10}.Release|Any CPU.ActiveCfg = Release|Any CPU
		{03F05A13-D1D0-442A-B730-501DCE3C6D10}.Release|Any CPU.Build.0 = Release|Any CPU
	EndGlobalSection
	GlobalSection(SolutionProperties) = preSolution
		HideSolutionNode = FALSE
	EndGlobalSection
	GlobalSection(ExtensibilityGlobals) = postSolution
		SolutionGuid = {0848C56F-14D6-4A4F-B82F-DF94154D8379}
	EndGlobalSection
EndGlobal
